// !$*UTF8*$!
{
	archiveVersion = 1;
	classes = {
	};
	objectVersion = 50;
	objects = {

/* Begin PBXBuildFile section */
		124F6E922566BB2600180C5A /* AppDelegate.swift in Sources */ = {isa = PBXBuildFile; fileRef = 124F6E912566BB2600180C5A /* AppDelegate.swift */; };
		124F6E942566BB2600180C5A /* SceneDelegate.swift in Sources */ = {isa = PBXBuildFile; fileRef = 124F6E932566BB2600180C5A /* SceneDelegate.swift */; };
		124F6E962566BB2600180C5A /* ViewController.swift in Sources */ = {isa = PBXBuildFile; fileRef = 124F6E952566BB2600180C5A /* ViewController.swift */; };
		124F6E992566BB2600180C5A /* Main.storyboard in Resources */ = {isa = PBXBuildFile; fileRef = 124F6E972566BB2600180C5A /* Main.storyboard */; };
		124F6E9B2566BB2800180C5A /* Assets.xcassets in Resources */ = {isa = PBXBuildFile; fileRef = 124F6E9A2566BB2800180C5A /* Assets.xcassets */; };
		124F6E9E2566BB2800180C5A /* LaunchScreen.storyboard in Resources */ = {isa = PBXBuildFile; fileRef = 124F6E9C2566BB2800180C5A /* LaunchScreen.storyboard */; };
/* End PBXBuildFile section */

/* Begin PBXFileReference section */
		124F6E8E2566BB2600180C5A /* beckendService.app */ = {isa = PBXFileReference; explicitFileType = wrapper.application; includeInIndex = 0; path = beckendService.app; sourceTree = BUILT_PRODUCTS_DIR; };
		124F6E912566BB2600180C5A /* AppDelegate.swift */ = {isa = PBXFileReference; lastKnownFileType = sourcecode.swift; path = AppDelegate.swift; sourceTree = "<group>"; };
		124F6E932566BB2600180C5A /* SceneDelegate.swift */ = {isa = PBXFileReference; lastKnownFileType = sourcecode.swift; path = SceneDelegate.swift; sourceTree = "<group>"; };
		124F6E952566BB2600180C5A /* ViewController.swift */ = {isa = PBXFileReference; lastKnownFileType = sourcecode.swift; path = ViewController.swift; sourceTree = "<group>"; };
		124F6E982566BB2600180C5A /* Base */ = {isa = PBXFileReference; lastKnownFileType = file.storyboard; name = Base; path = Base.lproj/Main.storyboard; sourceTree = "<group>"; };
		124F6E9A2566BB2800180C5A /* Assets.xcassets */ = {isa = PBXFileReference; lastKnownFileType = folder.assetcatalog; path = Assets.xcassets; sourceTree = "<group>"; };
		124F6E9D2566BB2800180C5A /* Base */ = {isa = PBXFileReference; lastKnownFileType = file.storyboard; name = Base; path = Base.lproj/LaunchScreen.storyboard; sourceTree = "<group>"; };
		124F6E9F2566BB2800180C5A /* Info.plist */ = {isa = PBXFileReference; lastKnownFileType = text.plist.xml; path = Info.plist; sourceTree = "<group>"; };
/* End PBXFileReference section */

/* Begin PBXFrameworksBuildPhase section */
		124F6E8B2566BB2600180C5A /* Frameworks */ = {
			isa = PBXFrameworksBuildPhase;
			buildActionMask = 2147483647;
			files = (
			);
			runOnlyForDeploymentPostprocessing = 0;
		};
/* End PBXFrameworksBuildPhase section */

/* Begin PBXGroup section */
		124F6E852566BB2600180C5A = {
			isa = PBXGroup;
			children = (
				124F6E902566BB2600180C5A /* beckendService */,
				124F6E8F2566BB2600180C5A /* Products */,
			);
			sourceTree = "<group>";
		};
		124F6E8F2566BB2600180C5A /* Products */ = {
			isa = PBXGroup;
			children = (
				124F6E8E2566BB2600180C5A /* beckendService.app */,
			);
			name = Products;
			sourceTree = "<group>";
		};
		124F6E902566BB2600180C5A /* beckendService */ = {
			isa = PBXGroup;
			children = (
				124F6E912566BB2600180C5A /* AppDelegate.swift */,
				124F6E932566BB2600180C5A /* SceneDelegate.swift */,
				124F6E952566BB2600180C5A /* ViewController.swift */,
				124F6E972566BB2600180C5A /* Main.storyboard */,
				124F6E9A2566BB2800180C5A /* Assets.xcassets */,
				124F6E9C2566BB2800180C5A /* LaunchScreen.storyboard */,
				124F6E9F2566BB2800180C5A /* Info.plist */,
			);
			path = beckendService;
			sourceTree = "<group>";
		};
/* End PBXGroup section */

/* Begin PBXNativeTarget section */
		124F6E8D2566BB2600180C5A /* beckendService */ = {
			isa = PBXNativeTarget;
			buildConfigurationList = 124F6EA22566BB2800180C5A /* Build configuration list for PBXNativeTarget "beckendService" */;
			buildPhases = (
				124F6E8A2566BB2600180C5A /* Sources */,
				124F6E8B2566BB2600180C5A /* Frameworks */,
				124F6E8C2566BB2600180C5A /* Resources */,
			);
			buildRules = (
			);
			dependencies = (
			);
			name = beckendService;
			productName = beckendService;
			productReference = 124F6E8E2566BB2600180C5A /* beckendService.app */;
			productType = "com.apple.product-type.application";
		};
/* End PBXNativeTarget section */

/* Begin PBXProject section */
		124F6E862566BB2600180C5A /* Project object */ = {
			isa = PBXProject;
			attributes = {
				LastSwiftUpdateCheck = 1220;
				LastUpgradeCheck = 1220;
				TargetAttributes = {
					124F6E8D2566BB2600180C5A = {
						CreatedOnToolsVersion = 12.2;
					};
				};
			};
			buildConfigurationList = 124F6E892566BB2600180C5A /* Build configuration list for PBXProject "beckendService" */;
			compatibilityVersion = "Xcode 9.3";
			developmentRegion = en;
			hasScannedForEncodings = 0;
			knownRegions = (
				en,
				Base,
			);
			mainGroup = 124F6E852566BB2600180C5A;
			productRefGroup = 124F6E8F2566BB2600180C5A /* Products */;
			projectDirPath = "";
			projectRoot = "";
			targets = (
				124F6E8D2566BB2600180C5A /* beckendService */,
			);
		};
/* End PBXProject section */

/* Begin PBXResourcesBuildPhase section */
		124F6E8C2566BB2600180C5A /* Resources */ = {
			isa = PBXResourcesBuildPhase;
			buildActionMask = 2147483647;
			files = (
				124F6E9E2566BB2800180C5A /* LaunchScreen.storyboard in Resources */,
				124F6E9B2566BB2800180C5A /* Assets.xcassets in Resources */,
				124F6E992566BB2600180C5A /* Main.storyboard in Resources */,
			);
			runOnlyForDeploymentPostprocessing = 0;
		};
/* End PBXResourcesBuildPhase section */

/* Begin PBXSourcesBuildPhase section */
		124F6E8A2566BB2600180C5A /* Sources */ = {
			isa = PBXSourcesBuildPhase;
			buildActionMask = 2147483647;
			files = (
				124F6E962566BB2600180C5A /* ViewController.swift in Sources */,
				124F6E922566BB2600180C5A /* AppDelegate.swift in Sources */,
				124F6E942566BB2600180C5A /* SceneDelegate.swift in Sources */,
			);
			runOnlyForDeploymentPostprocessing = 0;
		};
/* End PBXSourcesBuildPhase section */

/* Begin PBXVariantGroup section */
		124F6E972566BB2600180C5A /* Main.storyboard */ = {
			isa = PBXVariantGroup;
			children = (
				124F6E982566BB2600180C5A /* Base */,
			);
			name = Main.storyboard;
			sourceTree = "<group>";
		};
		124F6E9C2566BB2800180C5A /* LaunchScreen.storyboard */ = {
			isa = PBXVariantGroup;
			children = (
				124F6E9D2566BB2800180C5A /* Base */,
			);
			name = LaunchScreen.storyboard;
			sourceTree = "<group>";
		};
/* End PBXVariantGroup section */

/* Begin XCBuildConfiguration section */
		124F6EA02566BB2800180C5A /* Debug */ = {
			isa = XCBuildConfiguration;
			buildSettings = {
				ALWAYS_SEARCH_USER_PATHS = NO;
				CLANG_ANALYZER_NONNULL = YES;
				CLANG_ANALYZER_NUMBER_OBJECT_CONVERSION = YES_AGGRESSIVE;
				CLANG_CXX_LANGUAGE_STANDARD = "gnu++14";
				CLANG_CXX_LIBRARY = "libc++";
				CLANG_ENABLE_MODULES = YES;
				CLANG_ENABLE_OBJC_ARC = YES;
				CLANG_ENABLE_OBJC_WEAK = YES;
				CLANG_WARN_BLOCK_CAPTURE_AUTORELEASING = YES;
				CLANG_WARN_BOOL_CONVERSION = YES;
				CLANG_WARN_COMMA = YES;
				CLANG_WARN_CONSTANT_CONVERSION = YES;
				CLANG_WARN_DEPRECATED_OBJC_IMPLEMENTATIONS = YES;
				CLANG_WARN_DIRECT_OBJC_ISA_USAGE = YES_ERROR;
				CLANG_WARN_DOCUMENTATION_COMMENTS = YES;
				CLANG_WARN_EMPTY_BODY = YES;
				CLANG_WARN_ENUM_CONVERSION = YES;
				CLANG_WARN_INFINITE_RECURSION = YES;
				CLANG_WARN_INT_CONVERSION = YES;
				CLANG_WARN_NON_LITERAL_NULL_CONVERSION = YES;
				CLANG_WARN_OBJC_IMPLICIT_RETAIN_SELF = YES;
				CLANG_WARN_OBJC_LITERAL_CONVERSION = YES;
				CLANG_WARN_OBJC_ROOT_CLASS = YES_ERROR;
				CLANG_WARN_QUOTED_INCLUDE_IN_FRAMEWORK_HEADER = YES;
				CLANG_WARN_RANGE_LOOP_ANALYSIS = YES;
				CLANG_WARN_STRICT_PROTOTYPES = YES;
				CLANG_WARN_SUSPICIOUS_MOVE = YES;
				CLANG_WARN_UNGUARDED_AVAILABILITY = YES_AGGRESSIVE;
				CLANG_WARN_UNREACHABLE_CODE = YES;
				CLANG_WARN__DUPLICATE_METHOD_MATCH = YES;
				COPY_PHASE_STRIP = NO;
				DEBUG_INFORMATION_FORMAT = dwarf;
				ENABLE_STRICT_OBJC_MSGSEND = YES;
				ENABLE_TESTABILITY = YES;
				GCC_C_LANGUAGE_STANDARD = gnu11;
				GCC_DYNAMIC_NO_PIC = NO;
				GCC_NO_COMMON_BLOCKS = YES;
				GCC_OPTIMIZATION_LEVEL = 0;
				GCC_PREPROCESSOR_DEFINITIONS = (
					"DEBUG=1",
					"$(inherited)",
				);
				GCC_WARN_64_TO_32_BIT_CONVERSION = YES;
				GCC_WARN_ABOUT_RETURN_TYPE = YES_ERROR;
				GCC_WARN_UNDECLARED_SELECTOR = YES;
				GCC_WARN_UNINITIALIZED_AUTOS = YES_AGGRESSIVE;
				GCC_WARN_UNUSED_FUNCTION = YES;
				GCC_WARN_UNUSED_VARIABLE = YES;
				IPHONEOS_DEPLOYMENT_TARGET = 14.2;
				MTL_ENABLE_DEBUG_INFO = INCLUDE_SOURCE;
				MTL_FAST_MATH = YES;
				ONLY_ACTIVE_ARCH = YES;
				SDKROOT = iphoneos;
				SWIFT_ACTIVE_COMPILATION_CONDITIONS = DEBUG;
				SWIFT_OPTIMIZATION_LEVEL = "-Onone";
			};
			name = Debug;
		};
		124F6EA12566BB2800180C5A /* Release */ = {
			isa = XCBuildConfiguration;
			buildSettings = {
				ALWAYS_SEARCH_USER_PATHS = NO;
				CLANG_ANALYZER_NONNULL = YES;
				CLANG_ANALYZER_NUMBER_OBJECT_CONVERSION = YES_AGGRESSIVE;
				CLANG_CXX_LANGUAGE_STANDARD = "gnu++14";
				CLANG_CXX_LIBRARY = "libc++";
				CLANG_ENABLE_MODULES = YES;
				CLANG_ENABLE_OBJC_ARC = YES;
				CLANG_ENABLE_OBJC_WEAK = YES;
				CLANG_WARN_BLOCK_CAPTURE_AUTORELEASING = YES;
				CLANG_WARN_BOOL_CONVERSION = YES;
				CLANG_WARN_COMMA = YES;
				CLANG_WARN_CONSTANT_CONVERSION = YES;
				CLANG_WARN_DEPRECATED_OBJC_IMPLEMENTATIONS = YES;
				CLANG_WARN_DIRECT_OBJC_ISA_USAGE = YES_ERROR;
				CLANG_WARN_DOCUMENTATION_COMMENTS = YES;
				CLANG_WARN_EMPTY_BODY = YES;
				CLANG_WARN_ENUM_CONVERSION = YES;
				CLANG_WARN_INFINITE_RECURSION = YES;
				CLANG_WARN_INT_CONVERSION = YES;
				CLANG_WARN_NON_LITERAL_NULL_CONVERSION = YES;
				CLANG_WARN_OBJC_IMPLICIT_RETAIN_SELF = YES;
				CLANG_WARN_OBJC_LITERAL_CONVERSION = YES;
				CLANG_WARN_OBJC_ROOT_CLASS = YES_ERROR;
				CLANG_WARN_QUOTED_INCLUDE_IN_FRAMEWORK_HEADER = YES;
				CLANG_WARN_RANGE_LOOP_ANALYSIS = YES;
				CLANG_WARN_STRICT_PROTOTYPES = YES;
				CLANG_WARN_SUSPICIOUS_MOVE = YES;
				CLANG_WARN_UNGUARDED_AVAILABILITY = YES_AGGRESSIVE;
				CLANG_WARN_UNREACHABLE_CODE = YES;
				CLANG_WARN__DUPLICATE_METHOD_MATCH = YES;
				COPY_PHASE_STRIP = NO;
				DEBUG_INFORMATION_FORMAT = "dwarf-with-dsym";
				ENABLE_NS_ASSERTIONS = NO;
				ENABLE_STRICT_OBJC_MSGSEND = YES;
				GCC_C_LANGUAGE_STANDARD = gnu11;
				GCC_NO_COMMON_BLOCKS = YES;
				GCC_WARN_64_TO_32_BIT_CONVERSION = YES;
				GCC_WARN_ABOUT_RETURN_TYPE = YES_ERROR;
				GCC_WARN_UNDECLARED_SELECTOR = YES;
				GCC_WARN_UNINITIALIZED_AUTOS = YES_AGGRESSIVE;
				GCC_WARN_UNUSED_FUNCTION = YES;
				GCC_WARN_UNUSED_VARIABLE = YES;
				IPHONEOS_DEPLOYMENT_TARGET = 14.2;
				MTL_ENABLE_DEBUG_INFO = NO;
				MTL_FAST_MATH = YES;
				SDKROOT = iphoneos;
				SWIFT_COMPILATION_MODE = wholemodule;
				SWIFT_OPTIMIZATION_LEVEL = "-O";
				VALIDATE_PRODUCT = YES;
			};
			name = Release;
		};
		124F6EA32566BB2800180C5A /* Debug */ = {
			isa = XCBuildConfiguration;
			buildSettings = {
				ASSETCATALOG_COMPILER_APPICON_NAME = AppIcon;
				ASSETCATALOG_COMPILER_GLOBAL_ACCENT_COLOR_NAME = AccentColor;
				CODE_SIGN_STYLE = Automatic;
				DEVELOPMENT_TEAM = ALF79554Y6;
				INFOPLIST_FILE = beckendService/Info.plist;
				LD_RUNPATH_SEARCH_PATHS = (
					"$(inherited)",
					"@executable_path/Frameworks",
				);
				PRODUCT_BUNDLE_IDENTIFIER = com.viniciusalencar.beckendService;
				PRODUCT_NAME = "$(TARGET_NAME)";
				SWIFT_VERSION = 5.0;
				TARGETED_DEVICE_FAMILY = "1,2";
			};
			name = Debug;
		};
		124F6EA42566BB2800180C5A /* Release */ = {
			isa = XCBuildConfiguration;
			buildSettings = {
				ASSETCATALOG_COMPILER_APPICON_NAME = AppIcon;
				ASSETCATALOG_COMPILER_GLOBAL_ACCENT_COLOR_NAME = AccentColor;
				CODE_SIGN_STYLE = Automatic;
				DEVELOPMENT_TEAM = ALF79554Y6;
				INFOPLIST_FILE = beckendService/Info.plist;
				LD_RUNPATH_SEARCH_PATHS = (
					"$(inherited)",
					"@executable_path/Frameworks",
				);
				PRODUCT_BUNDLE_IDENTIFIER = com.viniciusalencar.beckendService;
				PRODUCT_NAME = "$(TARGET_NAME)";
				SWIFT_VERSION = 5.0;
				TARGETED_DEVICE_FAMILY = "1,2";
			};
			name = Release;
		};
/* End XCBuildConfiguration section */

/* Begin XCConfigurationList section */
		124F6E892566BB2600180C5A /* Build configuration list for PBXProject "beckendService" */ = {
			isa = XCConfigurationList;
			buildConfigurations = (
				124F6EA02566BB2800180C5A /* Debug */,
				124F6EA12566BB2800180C5A /* Release */,
			);
			defaultConfigurationIsVisible = 0;
			defaultConfigurationName = Release;
		};
		124F6EA22566BB2800180C5A /* Build configuration list for PBXNativeTarget "beckendService" */ = {
			isa = XCConfigurationList;
			buildConfigurations = (
				124F6EA32566BB2800180C5A /* Debug */,
				124F6EA42566BB2800180C5A /* Release */,
			);
			defaultConfigurationIsVisible = 0;
			defaultConfigurationName = Release;
		};
/* End XCConfigurationList section */
	};
	rootObject = 124F6E862566BB2600180C5A /* Project object */;
}
